
Microsoft Visual Studio Solution File, Format Version 12.00
# Visual Studio 15
VisualStudioVersion = 15.0.27703.2026
MinimumVisualStudioVersion = 10.0.40219.1
Project("{FAE04EC0-301F-11D3-BF4B-00C04F79EFBC}") = "ConsoleChat", "ConsoleChat\ConsoleChat.csproj", "{4D92CC96-E665-4306-AB3A-BB7DA04EF40A}"
EndProject
Global
	GlobalSection(SolutionConfigurationPlatforms) = preSolution
		Debug|Any CPU = Debug|Any CPU
		Release|Any CPU = Release|Any CPU
	EndGlobalSection
	GlobalSection(ProjectConfigurationPlatforms) = postSolution
		{4D92CC96-E665-4306-AB3A-BB7DA04EF40A}.Debug|Any CPU.ActiveCfg = Debug|Any CPU
		{4D92CC96-E665-4306-AB3A-BB7DA04EF40A}.Debug|Any CPU.Build.0 = Debug|Any CPU
		{4D92CC96-E665-4306-AB3A-BB7DA04EF40A}.Release|Any CPU.ActiveCfg = Release|Any CPU
		{4D92CC96-E665-4306-AB3A-BB7DA04EF40A}.Release|Any CPU.Build.0 = Release|Any CPU
	EndGlobalSection
	GlobalSection(SolutionProperties) = preSolution
		HideSolutionNode = FALSE
	EndGlobalSection
	GlobalSection(ExtensibilityGlobals) = postSolution
		SolutionGuid = {1940BE42-C9EF-4FB4-B37A-068371A23282}
	EndGlobalSection
EndGlobal
